
Microsoft Visual Studio Solution File, Format Version 12.00
# Visual Studio Version 16
VisualStudioVersion = 16.0.29123.88
MinimumVisualStudioVersion = 10.0.40219.1
Project("{FAE04EC0-301F-11D3-BF4B-00C04F79EFBC}") = "TwitchLeecher", "TwitchLeecher\TwitchLeecher.csproj", "{2C230C81-2CB5-4612-BC07-6CAD59262A52}"
EndProject
Project("{FAE04EC0-301F-11D3-BF4B-00C04F79EFBC}") = "TwitchLeecher.Shared", "TwitchLeecher.Shared\TwitchLeecher.Shared.csproj", "{EAA5E544-BA90-4948-9A20-BAF0ADE5C976}"
EndProject
Project("{FAE04EC0-301F-11D3-BF4B-00C04F79EFBC}") = "TwitchLeecher.Gui", "TwitchLeecher.Gui\TwitchLeecher.Gui.csproj", "{F54EF8D4-2E82-47DD-AF0E-D3C296FF8178}"
EndProject
Project("{FAE04EC0-301F-11D3-BF4B-00C04F79EFBC}") = "TwitchLeecher.Services", "TwitchLeecher.Services\TwitchLeecher.Services.csproj", "{07130B0F-5594-46E2-9506-F9F2F03A3EBD}"
EndProject
Project("{FAE04EC0-301F-11D3-BF4B-00C04F79EFBC}") = "TwitchLeecher.Core", "TwitchLeecher.Core\TwitchLeecher.Core.csproj", "{DBD7D7F0-550E-4B14-B003-2523B8059C5D}"
EndProject
Global
	GlobalSection(SolutionConfigurationPlatforms) = preSolution
		Debug|x64 = Debug|x64
		Release|x64 = Release|x64
	EndGlobalSection
	GlobalSection(ProjectConfigurationPlatforms) = postSolution
		{2C230C81-2CB5-4612-BC07-6CAD59262A52}.Debug|x64.ActiveCfg = Debug|x64
		{2C230C81-2CB5-4612-BC07-6CAD59262A52}.Debug|x64.Build.0 = Debug|x64
		{2C230C81-2CB5-4612-BC07-6CAD59262A52}.Release|x64.ActiveCfg = Release|x64
		{2C230C81-2CB5-4612-BC07-6CAD59262A52}.Release|x64.Build.0 = Release|x64
		{EAA5E544-BA90-4948-9A20-BAF0ADE5C976}.Debug|x64.ActiveCfg = Debug|x64
		{EAA5E544-BA90-4948-9A20-BAF0ADE5C976}.Debug|x64.Build.0 = Debug|x64
		{EAA5E544-BA90-4948-9A20-BAF0ADE5C976}.Release|x64.ActiveCfg = Release|x64
		{EAA5E544-BA90-4948-9A20-BAF0ADE5C976}.Release|x64.Build.0 = Release|x64
		{F54EF8D4-2E82-47DD-AF0E-D3C296FF8178}.Debug|x64.ActiveCfg = Debug|x64
		{F54EF8D4-2E82-47DD-AF0E-D3C296FF8178}.Debug|x64.Build.0 = Debug|x64
		{F54EF8D4-2E82-47DD-AF0E-D3C296FF8178}.Release|x64.ActiveCfg = Release|x64
		{F54EF8D4-2E82-47DD-AF0E-D3C296FF8178}.Release|x64.Build.0 = Release|x64
		{07130B0F-5594-46E2-9506-F9F2F03A3EBD}.Debug|x64.ActiveCfg = Debug|x64
		{07130B0F-5594-46E2-9506-F9F2F03A3EBD}.Debug|x64.Build.0 = Debug|x64
		{07130B0F-5594-46E2-9506-F9F2F03A3EBD}.Release|x64.ActiveCfg = Release|x64
		{07130B0F-5594-46E2-9506-F9F2F03A3EBD}.Release|x64.Build.0 = Release|x64
		{DBD7D7F0-550E-4B14-B003-2523B8059C5D}.Debug|x64.ActiveCfg = Debug|x64
		{DBD7D7F0-550E-4B14-B003-2523B8059C5D}.Debug|x64.Build.0 = Debug|x64
		{DBD7D7F0-550E-4B14-B003-2523B8059C5D}.Release|x64.ActiveCfg = Release|x64
		{DBD7D7F0-550E-4B14-B003-2523B8059C5D}.Release|x64.Build.0 = Release|x64
	EndGlobalSection
	GlobalSection(SolutionProperties) = preSolution
		HideSolutionNode = FALSE
	EndGlobalSection
	GlobalSection(ExtensibilityGlobals) = postSolution
		SolutionGuid = {19112CD9-D0B1-4AB7-95A8-A482D4B1707B}
	EndGlobalSection
EndGlobal
