
Microsoft Visual Studio Solution File, Format Version 12.00
# Visual Studio Version 16
VisualStudioVersion = 16.0.29123.88
MinimumVisualStudioVersion = 10.0.40219.1
Project("{FAE04EC0-301F-11D3-BF4B-00C04F79EFBC}") = "TwitchLeecher.Setup.Gui", "TwitchLeecher.Setup.Gui\TwitchLeecher.Setup.Gui.csproj", "{F06D3F41-795A-4A4E-83E1-17858F9524AC}"
EndProject
Project("{FAE04EC0-301F-11D3-BF4B-00C04F79EFBC}") = "TwitchLeecher.Setup.Publish", "TwitchLeecher.Setup.Publish\TwitchLeecher.Setup.Publish.csproj", "{4CB62C03-19B9-42C6-B09E-C560550DCFA3}"
	ProjectSection(ProjectDependencies) = postProject
		{51C4E539-0862-4AF7-9C39-0C2F92FAD037} = {51C4E539-0862-4AF7-9C39-0C2F92FAD037}
	EndProjectSection
EndProject
Project("{930C7802-8A8C-48F9-8165-68863BCCD9DD}") = "TwitchLeecher.Setup.Bootstrapper", "TwitchLeecher.Setup.Bootstrapper\TwitchLeecher.Setup.Bootstrapper.wixproj", "{51C4E539-0862-4AF7-9C39-0C2F92FAD037}"
EndProject
Project("{FAE04EC0-301F-11D3-BF4B-00C04F79EFBC}") = "TwitchLeecher.Setup.Custom", "TwitchLeecher.Setup.Custom\TwitchLeecher.Setup.Custom.csproj", "{46262052-F267-46A2-AE65-66F04DF8968B}"
EndProject
Project("{930C7802-8A8C-48F9-8165-68863BCCD9DD}") = "TwitchLeecher.Setup.Msi", "TwitchLeecher.Setup.Msi\TwitchLeecher.Setup.Msi.wixproj", "{29BEB452-529E-4F44-9984-3BA8F259922A}"
EndProject
Global
	GlobalSection(SolutionConfigurationPlatforms) = preSolution
		Debug|x64 = Debug|x64
		Release|x64 = Release|x64
	EndGlobalSection
	GlobalSection(ProjectConfigurationPlatforms) = postSolution
		{F06D3F41-795A-4A4E-83E1-17858F9524AC}.Debug|x64.ActiveCfg = Debug|Any CPU
		{F06D3F41-795A-4A4E-83E1-17858F9524AC}.Debug|x64.Build.0 = Debug|Any CPU
		{F06D3F41-795A-4A4E-83E1-17858F9524AC}.Release|x64.ActiveCfg = Release|Any CPU
		{F06D3F41-795A-4A4E-83E1-17858F9524AC}.Release|x64.Build.0 = Release|Any CPU
		{4CB62C03-19B9-42C6-B09E-C560550DCFA3}.Debug|x64.ActiveCfg = Debug|x64
		{4CB62C03-19B9-42C6-B09E-C560550DCFA3}.Debug|x64.Build.0 = Debug|x64
		{4CB62C03-19B9-42C6-B09E-C560550DCFA3}.Release|x64.ActiveCfg = Release|x64
		{4CB62C03-19B9-42C6-B09E-C560550DCFA3}.Release|x64.Build.0 = Release|x64
		{51C4E539-0862-4AF7-9C39-0C2F92FAD037}.Debug|x64.ActiveCfg = Debug|x64
		{51C4E539-0862-4AF7-9C39-0C2F92FAD037}.Debug|x64.Build.0 = Debug|x64
		{51C4E539-0862-4AF7-9C39-0C2F92FAD037}.Release|x64.ActiveCfg = Release|x64
		{51C4E539-0862-4AF7-9C39-0C2F92FAD037}.Release|x64.Build.0 = Release|x64
		{46262052-F267-46A2-AE65-66F04DF8968B}.Debug|x64.ActiveCfg = Debug|x64
		{46262052-F267-46A2-AE65-66F04DF8968B}.Debug|x64.Build.0 = Debug|x64
		{46262052-F267-46A2-AE65-66F04DF8968B}.Release|x64.ActiveCfg = Release|x64
		{46262052-F267-46A2-AE65-66F04DF8968B}.Release|x64.Build.0 = Release|x64
		{29BEB452-529E-4F44-9984-3BA8F259922A}.Debug|x64.ActiveCfg = Debug|x64
		{29BEB452-529E-4F44-9984-3BA8F259922A}.Debug|x64.Build.0 = Debug|x64
		{29BEB452-529E-4F44-9984-3BA8F259922A}.Release|x64.ActiveCfg = Release|x64
		{29BEB452-529E-4F44-9984-3BA8F259922A}.Release|x64.Build.0 = Release|x64
	EndGlobalSection
	GlobalSection(SolutionProperties) = preSolution
		HideSolutionNode = FALSE
	EndGlobalSection
	GlobalSection(ExtensibilityGlobals) = postSolution
		SolutionGuid = {EE087F92-1B0F-4B1C-8A48-F804E9CD8D10}
	EndGlobalSection
EndGlobal
